# This file is automatically @generated by Poetry 1.8.2 and should not be changed by hand.

[[package]]
name = "attrs"
version = "24.2.0"
description = "Classes Without Boilerplate"
optional = false
python-versions = ">=3.7"
files = [
    {file = "attrs-24.2.0-py3-none-any.whl", hash = "sha256:81921eb96de3191c8258c199618104dd27ac608d9366f5e35d011eae1867ede2"},
    {file = "attrs-24.2.0.tar.gz", hash = "sha256:5cfb1b9148b5b086569baec03f20d7b6bf3bcacc9a42bebf87ffaaca362f6346"},
]

[package.extras]
benchmark = ["cloudpickle", "hypothesis", "mypy (>=1.11.1)", "pympler", "pytest (>=4.3.0)", "pytest-codspeed", "pytest-mypy-plugins", "pytest-xdist[psutil]"]
cov = ["cloudpickle", "coverage[toml] (>=5.3)", "hypothesis", "mypy (>=1.11.1)", "pympler", "pytest (>=4.3.0)", "pytest-mypy-plugins", "pytest-xdist[psutil]"]
dev = ["cloudpickle", "hypothesis", "mypy (>=1.11.1)", "pre-commit", "pympler", "pytest (>=4.3.0)", "pytest-mypy-plugins", "pytest-xdist[psutil]"]
docs = ["cogapp", "furo", "myst-parser", "sphinx", "sphinx-notfound-page", "sphinxcontrib-towncrier", "towncrier (<24.7)"]
tests = ["cloudpickle", "hypothesis", "mypy (>=1.11.1)", "pympler", "pytest (>=4.3.0)", "pytest-mypy-plugins", "pytest-xdist[psutil]"]
tests-mypy = ["mypy (>=1.11.1)", "pytest-mypy-plugins"]

[[package]]
name = "mypy"
version = "1.13.0"
description = "Optional static typing for Python"
optional = false
python-versions = ">=3.8"
files = [
    {file = "mypy-1.13.0-cp310-cp310-macosx_10_9_x86_64.whl", hash = "sha256:6607e0f1dd1fb7f0aca14d936d13fd19eba5e17e1cd2a14f808fa5f8f6d8f60a"},
    {file = "mypy-1.13.0-cp310-cp310-macosx_11_0_arm64.whl", hash = "sha256:8a21be69bd26fa81b1f80a61ee7ab05b076c674d9b18fb56239d72e21d9f4c80"},
    {file = "mypy-1.13.0-cp310-cp310-manylinux_2_17_x86_64.manylinux2014_x86_64.manylinux_2_28_x86_64.whl", hash = "sha256:7b2353a44d2179846a096e25691d54d59904559f4232519d420d64da6828a3a7"},
    {file = "mypy-1.13.0-cp310-cp310-musllinux_1_1_x86_64.whl", hash = "sha256:0730d1c6a2739d4511dc4253f8274cdd140c55c32dfb0a4cf8b7a43f40abfa6f"},
    {file = "mypy-1.13.0-cp310-cp310-win_amd64.whl", hash = "sha256:c5fc54dbb712ff5e5a0fca797e6e0aa25726c7e72c6a5850cfd2adbc1eb0a372"},
    {file = "mypy-1.13.0-cp311-cp311-macosx_10_9_x86_64.whl", hash = "sha256:581665e6f3a8a9078f28d5502f4c334c0c8d802ef55ea0e7276a6e409bc0d82d"},
    {file = "mypy-1.13.0-cp311-cp311-macosx_11_0_arm64.whl", hash = "sha256:3ddb5b9bf82e05cc9a627e84707b528e5c7caaa1c55c69e175abb15a761cec2d"},
    {file = "mypy-1.13.0-cp311-cp311-manylinux_2_17_x86_64.manylinux2014_x86_64.manylinux_2_28_x86_64.whl", hash = "sha256:20c7ee0bc0d5a9595c46f38beb04201f2620065a93755704e141fcac9f59db2b"},
    {file = "mypy-1.13.0-cp311-cp311-musllinux_1_1_x86_64.whl", hash = "sha256:3790ded76f0b34bc9c8ba4def8f919dd6a46db0f5a6610fb994fe8efdd447f73"},
    {file = "mypy-1.13.0-cp311-cp311-win_amd64.whl", hash = "sha256:51f869f4b6b538229c1d1bcc1dd7d119817206e2bc54e8e374b3dfa202defcca"},
    {file = "mypy-1.13.0-cp312-cp312-macosx_10_13_x86_64.whl", hash = "sha256:5c7051a3461ae84dfb5dd15eff5094640c61c5f22257c8b766794e6dd85e72d5"},
    {file = "mypy-1.13.0-cp312-cp312-macosx_11_0_arm64.whl", hash = "sha256:39bb21c69a5d6342f4ce526e4584bc5c197fd20a60d14a8624d8743fffb9472e"},
    {file = "mypy-1.13.0-cp312-cp312-manylinux_2_17_x86_64.manylinux2014_x86_64.manylinux_2_28_x86_64.whl", hash = "sha256:164f28cb9d6367439031f4c81e84d3ccaa1e19232d9d05d37cb0bd880d3f93c2"},
    {file = "mypy-1.13.0-cp312-cp312-musllinux_1_1_x86_64.whl", hash = "sha256:a4c1bfcdbce96ff5d96fc9b08e3831acb30dc44ab02671eca5953eadad07d6d0"},
    {file = "mypy-1.13.0-cp312-cp312-win_amd64.whl", hash = "sha256:a0affb3a79a256b4183ba09811e3577c5163ed06685e4d4b46429a271ba174d2"},
    {file = "mypy-1.13.0-cp313-cp313-macosx_10_13_x86_64.whl", hash = "sha256:a7b44178c9760ce1a43f544e595d35ed61ac2c3de306599fa59b38a6048e1aa7"},
    {file = "mypy-1.13.0-cp313-cp313-macosx_11_0_arm64.whl", hash = "sha256:5d5092efb8516d08440e36626f0153b5006d4088c1d663d88bf79625af3d1d62"},
    {file = "mypy-1.13.0-cp313-cp313-manylinux_2_17_x86_64.manylinux2014_x86_64.manylinux_2_28_x86_64.whl", hash = "sha256:de2904956dac40ced10931ac967ae63c5089bd498542194b436eb097a9f77bc8"},
    {file = "mypy-1.13.0-cp313-cp313-musllinux_1_1_x86_64.whl", hash = "sha256:7bfd8836970d33c2105562650656b6846149374dc8ed77d98424b40b09340ba7"},
    {file = "mypy-1.13.0-cp313-cp313-win_amd64.whl", hash = "sha256:9f73dba9ec77acb86457a8fc04b5239822df0c14a082564737833d2963677dbc"},
    {file = "mypy-1.13.0-cp38-cp38-macosx_10_9_x86_64.whl", hash = "sha256:100fac22ce82925f676a734af0db922ecfea991e1d7ec0ceb1e115ebe501301a"},
    {file = "mypy-1.13.0-cp38-cp38-macosx_11_0_arm64.whl", hash = "sha256:7bcb0bb7f42a978bb323a7c88f1081d1b5dee77ca86f4100735a6f541299d8fb"},
    {file = "mypy-1.13.0-cp38-cp38-manylinux_2_17_x86_64.manylinux2014_x86_64.manylinux_2_28_x86_64.whl", hash = "sha256:bde31fc887c213e223bbfc34328070996061b0833b0a4cfec53745ed61f3519b"},
    {file = "mypy-1.13.0-cp38-cp38-musllinux_1_1_x86_64.whl", hash = "sha256:07de989f89786f62b937851295ed62e51774722e5444a27cecca993fc3f9cd74"},
    {file = "mypy-1.13.0-cp38-cp38-win_amd64.whl", hash = "sha256:4bde84334fbe19bad704b3f5b78c4abd35ff1026f8ba72b29de70dda0916beb6"},
    {file = "mypy-1.13.0-cp39-cp39-macosx_10_9_x86_64.whl", hash = "sha256:0246bcb1b5de7f08f2826451abd947bf656945209b140d16ed317f65a17dc7dc"},
    {file = "mypy-1.13.0-cp39-cp39-macosx_11_0_arm64.whl", hash = "sha256:7f5b7deae912cf8b77e990b9280f170381fdfbddf61b4ef80927edd813163732"},
    {file = "mypy-1.13.0-cp39-cp39-manylinux_2_17_x86_64.manylinux2014_x86_64.manylinux_2_28_x86_64.whl", hash = "sha256:7029881ec6ffb8bc233a4fa364736789582c738217b133f1b55967115288a2bc"},
    {file = "mypy-1.13.0-cp39-cp39-musllinux_1_1_x86_64.whl", hash = "sha256:3e38b980e5681f28f033f3be86b099a247b13c491f14bb8b1e1e134d23bb599d"},
    {file = "mypy-1.13.0-cp39-cp39-win_amd64.whl", hash = "sha256:a6789be98a2017c912ae6ccb77ea553bbaf13d27605d2ca20a76dfbced631b24"},
    {file = "mypy-1.13.0-py3-none-any.whl", hash = "sha256:9c250883f9fd81d212e0952c92dbfcc96fc237f4b7c92f56ac81fd48460b3e5a"},
    {file = "mypy-1.13.0.tar.gz", hash = "sha256:0291a61b6fbf3e6673e3405cfcc0e7650bebc7939659fdca2702958038bd835e"},
]

[package.dependencies]
mypy-extensions = ">=1.0.0"
typing-extensions = ">=4.6.0"

[package.extras]
dmypy = ["psutil (>=4.0)"]
faster-cache = ["orjson"]
install-types = ["pip"]
mypyc = ["setuptools (>=50)"]
reports = ["lxml"]

[[package]]
name = "mypy-extensions"
version = "1.0.0"
description = "Type system extensions for programs checked with the mypy type checker."
optional = false
python-versions = ">=3.5"
files = [
    {file = "mypy_extensions-1.0.0-py3-none-any.whl", hash = "sha256:4392f6c0eb8a5668a69e23d168ffa70f0be9ccfd32b5cc2d26a34ae5b844552d"},
    {file = "mypy_extensions-1.0.0.tar.gz", hash = "sha256:75dbf8955dc00442a438fc4d0666508a9a97b6bd41aa2f0ffe9d2f2725af0782"},
]

[[package]]
name = "nodeenv"
version = "1.9.1"
description = "Node.js virtual environment builder"
optional = false
python-versions = "!=3.0.*,!=3.1.*,!=3.2.*,!=3.3.*,!=3.4.*,!=3.5.*,!=3.6.*,>=2.7"
files = [
    {file = "nodeenv-1.9.1-py2.py3-none-any.whl", hash = "sha256:ba11c9782d29c27c70ffbdda2d7415098754709be8a7056d79a737cd901155c9"},
    {file = "nodeenv-1.9.1.tar.gz", hash = "sha256:6ec12890a2dab7946721edbfbcd91f3319c6ccc9aec47be7c7e6b7011ee6645f"},
]

[[package]]
name = "pyright"
version = "1.1.388"
description = "Command line wrapper for pyright"
optional = false
python-versions = ">=3.7"
files = [
    {file = "pyright-1.1.388-py3-none-any.whl", hash = "sha256:c7068e9f2c23539c6ac35fc9efac6c6c1b9aa5a0ce97a9a8a6cf0090d7cbf84c"},
    {file = "pyright-1.1.388.tar.gz", hash = "sha256:0166d19b716b77fd2d9055de29f71d844874dbc6b9d3472ccd22df91db3dfa34"},
]

[package.dependencies]
nodeenv = ">=1.6.0"
typing-extensions = ">=4.1"

[package.extras]
all = ["nodejs-wheel-binaries", "twine (>=3.4.1)"]
dev = ["twine (>=3.4.1)"]
nodejs = ["nodejs-wheel-binaries"]

[[package]]
name = "python-dotenv"
version = "1.0.1"
description = "Read key-value pairs from a .env file and set them as environment variables"
optional = false
python-versions = ">=3.8"
files = [
    {file = "python-dotenv-1.0.1.tar.gz", hash = "sha256:e324ee90a023d808f1959c46bcbc04446a10ced277783dc6ee09987c37ec10ca"},
    {file = "python_dotenv-1.0.1-py3-none-any.whl", hash = "sha256:f7b63ef50f1b690dddf550d03497b66d609393b40b564ed0d674909a68ebf16a"},
]

[package.extras]
cli = ["click (>=5.0)"]

[[package]]
name = "ruff"
version = "0.7.3"
description = "An extremely fast Python linter and code formatter, written in Rust."
optional = false
python-versions = ">=3.7"
files = [
    {file = "ruff-0.7.3-py3-none-linux_armv6l.whl", hash = "sha256:34f2339dc22687ec7e7002792d1f50712bf84a13d5152e75712ac08be565d344"},
    {file = "ruff-0.7.3-py3-none-macosx_10_12_x86_64.whl", hash = "sha256:fb397332a1879b9764a3455a0bb1087bda876c2db8aca3a3cbb67b3dbce8cda0"},
    {file = "ruff-0.7.3-py3-none-macosx_11_0_arm64.whl", hash = "sha256:37d0b619546103274e7f62643d14e1adcbccb242efda4e4bdb9544d7764782e9"},
    {file = "ruff-0.7.3-py3-none-manylinux_2_17_aarch64.manylinux2014_aarch64.whl", hash = "sha256:5d59f0c3ee4d1a6787614e7135b72e21024875266101142a09a61439cb6e38a5"},
    {file = "ruff-0.7.3-py3-none-manylinux_2_17_armv7l.manylinux2014_armv7l.whl", hash = "sha256:44eb93c2499a169d49fafd07bc62ac89b1bc800b197e50ff4633aed212569299"},
    {file = "ruff-0.7.3-py3-none-manylinux_2_17_i686.manylinux2014_i686.whl", hash = "sha256:6d0242ce53f3a576c35ee32d907475a8d569944c0407f91d207c8af5be5dae4e"},
    {file = "ruff-0.7.3-py3-none-manylinux_2_17_ppc64.manylinux2014_ppc64.whl", hash = "sha256:6b6224af8b5e09772c2ecb8dc9f3f344c1aa48201c7f07e7315367f6dd90ac29"},
    {file = "ruff-0.7.3-py3-none-manylinux_2_17_ppc64le.manylinux2014_ppc64le.whl", hash = "sha256:c50f95a82b94421c964fae4c27c0242890a20fe67d203d127e84fbb8013855f5"},
    {file = "ruff-0.7.3-py3-none-manylinux_2_17_s390x.manylinux2014_s390x.whl", hash = "sha256:7f3eff9961b5d2644bcf1616c606e93baa2d6b349e8aa8b035f654df252c8c67"},
    {file = "ruff-0.7.3-py3-none-manylinux_2_17_x86_64.manylinux2014_x86_64.whl", hash = "sha256:b8963cab06d130c4df2fd52c84e9f10d297826d2e8169ae0c798b6221be1d1d2"},
    {file = "ruff-0.7.3-py3-none-musllinux_1_2_aarch64.whl", hash = "sha256:61b46049d6edc0e4317fb14b33bd693245281a3007288b68a3f5b74a22a0746d"},
    {file = "ruff-0.7.3-py3-none-musllinux_1_2_armv7l.whl", hash = "sha256:10ebce7696afe4644e8c1a23b3cf8c0f2193a310c18387c06e583ae9ef284de2"},
    {file = "ruff-0.7.3-py3-none-musllinux_1_2_i686.whl", hash = "sha256:3f36d56326b3aef8eeee150b700e519880d1aab92f471eefdef656fd57492aa2"},
    {file = "ruff-0.7.3-py3-none-musllinux_1_2_x86_64.whl", hash = "sha256:5d024301109a0007b78d57ab0ba190087b43dce852e552734ebf0b0b85e4fb16"},
    {file = "ruff-0.7.3-py3-none-win32.whl", hash = "sha256:4ba81a5f0c5478aa61674c5a2194de8b02652f17addf8dfc40c8937e6e7d79fc"},
    {file = "ruff-0.7.3-py3-none-win_amd64.whl", hash = "sha256:588a9ff2fecf01025ed065fe28809cd5a53b43505f48b69a1ac7707b1b7e4088"},
    {file = "ruff-0.7.3-py3-none-win_arm64.whl", hash = "sha256:1713e2c5545863cdbfe2cbce21f69ffaf37b813bfd1fb3b90dc9a6f1963f5a8c"},
    {file = "ruff-0.7.3.tar.gz", hash = "sha256:e1d1ba2e40b6e71a61b063354d04be669ab0d39c352461f3d789cac68b54a313"},
]

[[package]]
name = "typing-extensions"
version = "4.12.2"
description = "Backported and Experimental Type Hints for Python 3.8+"
optional = false
python-versions = ">=3.8"
files = [
    {file = "typing_extensions-4.12.2-py3-none-any.whl", hash = "sha256:04e5ca0351e0f3f85c6853954072df659d0d13fac324d0072316b67d7794700d"},
    {file = "typing_extensions-4.12.2.tar.gz", hash = "sha256:1a7ead55c7e559dd4dee8856e3a88b41225abfe1ce8df57b7c13915fe121ffb8"},
]

[[package]]
name = "uvloop"
version = "0.21.0"
description = "Fast implementation of asyncio event loop on top of libuv"
optional = false
python-versions = ">=3.8.0"
files = [
    {file = "uvloop-0.21.0-cp310-cp310-macosx_10_9_universal2.whl", hash = "sha256:ec7e6b09a6fdded42403182ab6b832b71f4edaf7f37a9a0e371a01db5f0cb45f"},
    {file = "uvloop-0.21.0-cp310-cp310-macosx_10_9_x86_64.whl", hash = "sha256:196274f2adb9689a289ad7d65700d37df0c0930fd8e4e743fa4834e850d7719d"},
    {file = "uvloop-0.21.0-cp310-cp310-manylinux_2_17_aarch64.manylinux2014_aarch64.whl", hash = "sha256:f38b2e090258d051d68a5b14d1da7203a3c3677321cf32a95a6f4db4dd8b6f26"},
    {file = "uvloop-0.21.0-cp310-cp310-manylinux_2_17_x86_64.manylinux2014_x86_64.whl", hash = "sha256:87c43e0f13022b998eb9b973b5e97200c8b90823454d4bc06ab33829e09fb9bb"},
    {file = "uvloop-0.21.0-cp310-cp310-musllinux_1_2_aarch64.whl", hash = "sha256:10d66943def5fcb6e7b37310eb6b5639fd2ccbc38df1177262b0640c3ca68c1f"},
    {file = "uvloop-0.21.0-cp310-cp310-musllinux_1_2_x86_64.whl", hash = "sha256:67dd654b8ca23aed0a8e99010b4c34aca62f4b7fce88f39d452ed7622c94845c"},
    {file = "uvloop-0.21.0-cp311-cp311-macosx_10_9_universal2.whl", hash = "sha256:c0f3fa6200b3108919f8bdabb9a7f87f20e7097ea3c543754cabc7d717d95cf8"},
    {file = "uvloop-0.21.0-cp311-cp311-macosx_10_9_x86_64.whl", hash = "sha256:0878c2640cf341b269b7e128b1a5fed890adc4455513ca710d77d5e93aa6d6a0"},
    {file = "uvloop-0.21.0-cp311-cp311-manylinux_2_17_aarch64.manylinux2014_aarch64.whl", hash = "sha256:b9fb766bb57b7388745d8bcc53a359b116b8a04c83a2288069809d2b3466c37e"},
    {file = "uvloop-0.21.0-cp311-cp311-manylinux_2_17_x86_64.manylinux2014_x86_64.whl", hash = "sha256:8a375441696e2eda1c43c44ccb66e04d61ceeffcd76e4929e527b7fa401b90fb"},
    {file = "uvloop-0.21.0-cp311-cp311-musllinux_1_2_aarch64.whl", hash = "sha256:baa0e6291d91649c6ba4ed4b2f982f9fa165b5bbd50a9e203c416a2797bab3c6"},
    {file = "uvloop-0.21.0-cp311-cp311-musllinux_1_2_x86_64.whl", hash = "sha256:4509360fcc4c3bd2c70d87573ad472de40c13387f5fda8cb58350a1d7475e58d"},
    {file = "uvloop-0.21.0-cp312-cp312-macosx_10_13_universal2.whl", hash = "sha256:359ec2c888397b9e592a889c4d72ba3d6befba8b2bb01743f72fffbde663b59c"},
    {file = "uvloop-0.21.0-cp312-cp312-macosx_10_13_x86_64.whl", hash = "sha256:f7089d2dc73179ce5ac255bdf37c236a9f914b264825fdaacaded6990a7fb4c2"},
    {file = "uvloop-0.21.0-cp312-cp312-manylinux_2_17_aarch64.manylinux2014_aarch64.whl", hash = "sha256:baa4dcdbd9ae0a372f2167a207cd98c9f9a1ea1188a8a526431eef2f8116cc8d"},
    {file = "uvloop-0.21.0-cp312-cp312-manylinux_2_17_x86_64.manylinux2014_x86_64.whl", hash = "sha256:86975dca1c773a2c9864f4c52c5a55631038e387b47eaf56210f873887b6c8dc"},
    {file = "uvloop-0.21.0-cp312-cp312-musllinux_1_2_aarch64.whl", hash = "sha256:461d9ae6660fbbafedd07559c6a2e57cd553b34b0065b6550685f6653a98c1cb"},
    {file = "uvloop-0.21.0-cp312-cp312-musllinux_1_2_x86_64.whl", hash = "sha256:183aef7c8730e54c9a3ee3227464daed66e37ba13040bb3f350bc2ddc040f22f"},
    {file = "uvloop-0.21.0-cp313-cp313-macosx_10_13_universal2.whl", hash = "sha256:bfd55dfcc2a512316e65f16e503e9e450cab148ef11df4e4e679b5e8253a5281"},
    {file = "uvloop-0.21.0-cp313-cp313-macosx_10_13_x86_64.whl", hash = "sha256:787ae31ad8a2856fc4e7c095341cccc7209bd657d0e71ad0dc2ea83c4a6fa8af"},
    {file = "uvloop-0.21.0-cp313-cp313-manylinux_2_17_aarch64.manylinux2014_aarch64.whl", hash = "sha256:5ee4d4ef48036ff6e5cfffb09dd192c7a5027153948d85b8da7ff705065bacc6"},
    {file = "uvloop-0.21.0-cp313-cp313-manylinux_2_17_x86_64.manylinux2014_x86_64.whl", hash = "sha256:f3df876acd7ec037a3d005b3ab85a7e4110422e4d9c1571d4fc89b0fc41b6816"},
    {file = "uvloop-0.21.0-cp313-cp313-musllinux_1_2_aarch64.whl", hash = "sha256:bd53ecc9a0f3d87ab847503c2e1552b690362e005ab54e8a48ba97da3924c0dc"},
    {file = "uvloop-0.21.0-cp313-cp313-musllinux_1_2_x86_64.whl", hash = "sha256:a5c39f217ab3c663dc699c04cbd50c13813e31d917642d459fdcec07555cc553"},
    {file = "uvloop-0.21.0-cp38-cp38-macosx_10_9_universal2.whl", hash = "sha256:17df489689befc72c39a08359efac29bbee8eee5209650d4b9f34df73d22e414"},
    {file = "uvloop-0.21.0-cp38-cp38-macosx_10_9_x86_64.whl", hash = "sha256:bc09f0ff191e61c2d592a752423c767b4ebb2986daa9ed62908e2b1b9a9ae206"},
    {file = "uvloop-0.21.0-cp38-cp38-manylinux_2_17_aarch64.manylinux2014_aarch64.whl", hash = "sha256:f0ce1b49560b1d2d8a2977e3ba4afb2414fb46b86a1b64056bc4ab929efdafbe"},
    {file = "uvloop-0.21.0-cp38-cp38-manylinux_2_17_x86_64.manylinux2014_x86_64.whl", hash = "sha256:e678ad6fe52af2c58d2ae3c73dc85524ba8abe637f134bf3564ed07f555c5e79"},
    {file = "uvloop-0.21.0-cp38-cp38-musllinux_1_2_aarch64.whl", hash = "sha256:460def4412e473896ef179a1671b40c039c7012184b627898eea5072ef6f017a"},
    {file = "uvloop-0.21.0-cp38-cp38-musllinux_1_2_x86_64.whl", hash = "sha256:10da8046cc4a8f12c91a1c39d1dd1585c41162a15caaef165c2174db9ef18bdc"},
    {file = "uvloop-0.21.0-cp39-cp39-macosx_10_9_universal2.whl", hash = "sha256:c097078b8031190c934ed0ebfee8cc5f9ba9642e6eb88322b9958b649750f72b"},
    {file = "uvloop-0.21.0-cp39-cp39-macosx_10_9_x86_64.whl", hash = "sha256:46923b0b5ee7fc0020bef24afe7836cb068f5050ca04caf6b487c513dc1a20b2"},
    {file = "uvloop-0.21.0-cp39-cp39-manylinux_2_17_aarch64.manylinux2014_aarch64.whl", hash = "sha256:53e420a3afe22cdcf2a0f4846e377d16e718bc70103d7088a4f7623567ba5fb0"},
    {file = "uvloop-0.21.0-cp39-cp39-manylinux_2_17_x86_64.manylinux2014_x86_64.whl", hash = "sha256:88cb67cdbc0e483da00af0b2c3cdad4b7c61ceb1ee0f33fe00e09c81e3a6cb75"},
    {file = "uvloop-0.21.0-cp39-cp39-musllinux_1_2_aarch64.whl", hash = "sha256:221f4f2a1f46032b403bf3be628011caf75428ee3cc204a22addf96f586b19fd"},
    {file = "uvloop-0.21.0-cp39-cp39-musllinux_1_2_x86_64.whl", hash = "sha256:2d1f581393673ce119355d56da84fe1dd9d2bb8b3d13ce792524e1607139feff"},
    {file = "uvloop-0.21.0.tar.gz", hash = "sha256:3bf12b0fda68447806a7ad847bfa591613177275d35b6724b1ee573faa3704e3"},
]

[package.extras]
dev = ["Cython (>=3.0,<4.0)", "setuptools (>=60)"]
docs = ["Sphinx (>=4.1.2,<4.2.0)", "sphinx-rtd-theme (>=0.5.2,<0.6.0)", "sphinxcontrib-asyncio (>=0.3.0,<0.4.0)"]
test = ["aiohttp (>=3.10.5)", "flake8 (>=5.0,<6.0)", "mypy (>=0.800)", "psutil", "pyOpenSSL (>=23.0.0,<23.1.0)", "pycodestyle (>=2.9.0,<2.10.0)"]

[[package]]
name = "websockets"
version = "14.0"
description = "An implementation of the WebSocket Protocol (RFC 6455 & 7692)"
optional = false
python-versions = ">=3.9"
files = [
    {file = "websockets-14.0-cp310-cp310-macosx_10_9_universal2.whl", hash = "sha256:064a72c0602c2d2c2586143561e0f179ef9b98e0825dc4a3d5cdf55a81898ed6"},
    {file = "websockets-14.0-cp310-cp310-macosx_10_9_x86_64.whl", hash = "sha256:9dc5a2726fd16c266d35838db086fa4e621bb049e3bbe498ab9d54ad5068f726"},
    {file = "websockets-14.0-cp310-cp310-macosx_11_0_arm64.whl", hash = "sha256:1e541e4c8983b118a584c306070878e7f9670b7781e04184b6e05f9fc92e8a0e"},
    {file = "websockets-14.0-cp310-cp310-manylinux_2_17_aarch64.manylinux2014_aarch64.whl", hash = "sha256:23b13edb4df2d4e5d6dc747d83e6b244e267a6615ede90f18ef13dfb2b6feb87"},
    {file = "websockets-14.0-cp310-cp310-manylinux_2_5_i686.manylinux1_i686.manylinux_2_17_i686.manylinux2014_i686.whl", hash = "sha256:288365a33049dae3065cdb2c2dd4b48df4b64839c565761c4f3f0c360460a561"},
    {file = "websockets-14.0-cp310-cp310-manylinux_2_5_x86_64.manylinux1_x86_64.manylinux_2_17_x86_64.manylinux2014_x86_64.whl", hash = "sha256:79e2494047826a56f2951b2ada9dc139d2c3aff63122e86953cafe64ac0fde75"},
    {file = "websockets-14.0-cp310-cp310-musllinux_1_2_aarch64.whl", hash = "sha256:5a5b76b47b62de16d26439d362b18d71394ca4376eb2c8838352be64b27ba8af"},
    {file = "websockets-14.0-cp310-cp310-musllinux_1_2_i686.whl", hash = "sha256:7ed4111f305770e35070e49fbb9fbf757a9b6c9a31bb86d352eb4031d4aa976f"},
    {file = "websockets-14.0-cp310-cp310-musllinux_1_2_x86_64.whl", hash = "sha256:9af48a2f4cc5e2e34cf69969079865100e418c27caa26c1e3369efcc20c81e17"},
    {file = "websockets-14.0-cp310-cp310-win32.whl", hash = "sha256:a97c10043bf74d7667be69383312007d54a507fac8fa101be492cc91e279d94d"},
    {file = "websockets-14.0-cp310-cp310-win_amd64.whl", hash = "sha256:5f86250ee98f6098479936b7d596418b6e4c919dfa156508e9d6ac5f8bfbe764"},
    {file = "websockets-14.0-cp311-cp311-macosx_10_9_universal2.whl", hash = "sha256:3c12e6c1331ee8833fcb565c033f7eb4cb5642af37cef81211c222b617b170df"},
    {file = "websockets-14.0-cp311-cp311-macosx_10_9_x86_64.whl", hash = "sha256:445a53bce8344e62df4ed9a22fdd1f06cad8e404ead64b2a1f19bd826c8dad1b"},
    {file = "websockets-14.0-cp311-cp311-macosx_11_0_arm64.whl", hash = "sha256:3e4be641fed120790241ae15fde27374a62cadaadcc0bd2b4ce35790bd284fb6"},
    {file = "websockets-14.0-cp311-cp311-manylinux_2_17_aarch64.manylinux2014_aarch64.whl", hash = "sha256:b886b6d14cd089396155e6beb2935268bf995057bf24c3e5fd609af55c584a03"},
    {file = "websockets-14.0-cp311-cp311-manylinux_2_5_i686.manylinux1_i686.manylinux_2_17_i686.manylinux2014_i686.whl", hash = "sha256:a9b8a85d62709a86a9a55d4720502e88968483ee7f365bd852b75935dec04e0d"},
    {file = "websockets-14.0-cp311-cp311-manylinux_2_5_x86_64.manylinux1_x86_64.manylinux_2_17_x86_64.manylinux2014_x86_64.whl", hash = "sha256:08d62f438a591c016c5d4c79eaf9a8f7a85b6c3ea88793d676c00c930a41e775"},
    {file = "websockets-14.0-cp311-cp311-musllinux_1_2_aarch64.whl", hash = "sha256:189e9f074f2a77f7cf54634797b29be28116ee564ece421c7653030a2cef48f0"},
    {file = "websockets-14.0-cp311-cp311-musllinux_1_2_i686.whl", hash = "sha256:0b406f2387dbaf301996b7b2cf41519c1fbba7d5c9626406dd56f72075a60a00"},
    {file = "websockets-14.0-cp311-cp311-musllinux_1_2_x86_64.whl", hash = "sha256:a3741f4394ba3d55a64949ee11ffdba19e2a2bdaa1319a96a7ab93bf8bd2b9b2"},
    {file = "websockets-14.0-cp311-cp311-win32.whl", hash = "sha256:b639ea88a46f4629645b398c9e7be0366c92e4910203a6314f78469f5e631dc5"},
    {file = "websockets-14.0-cp311-cp311-win_amd64.whl", hash = "sha256:715b238c1772ed28b98af8830df41c5d68941729e22384fe1433db495b1d5438"},
    {file = "websockets-14.0-cp312-cp312-macosx_10_13_universal2.whl", hash = "sha256:f988f141a9be7a74d2e98d446b2f5411038bad14cdab80f9d1644b2329a71b48"},
    {file = "websockets-14.0-cp312-cp312-macosx_10_13_x86_64.whl", hash = "sha256:7fd212e7022c70b4f8246dee4449dde30ff50c7e8e1d61ac87b7879579badd03"},
    {file = "websockets-14.0-cp312-cp312-macosx_11_0_arm64.whl", hash = "sha256:4c06f014fd8fa3827e5fd03ec012945e2139901f261fcc401e0622476cad9c5c"},
    {file = "websockets-14.0-cp312-cp312-manylinux_2_17_aarch64.manylinux2014_aarch64.whl", hash = "sha256:6fad8f03dc976e710db785abf9deb76eb259312fb54d77b568c73f0162cef96e"},
    {file = "websockets-14.0-cp312-cp312-manylinux_2_5_i686.manylinux1_i686.manylinux_2_17_i686.manylinux2014_i686.whl", hash = "sha256:6cff048a155024a580fee9f9a66b0ad9fc82683f6470c26eb76dd9280e6f459e"},
    {file = "websockets-14.0-cp312-cp312-manylinux_2_5_x86_64.manylinux1_x86_64.manylinux_2_17_x86_64.manylinux2014_x86_64.whl", hash = "sha256:56ec8098dcc47817c8aee8037165f0fe30fec8efe543c66e0924781a4bfcbdfd"},
    {file = "websockets-14.0-cp312-cp312-musllinux_1_2_aarch64.whl", hash = "sha256:ee5fb667aec4ae723d40ada9854128df427b35b526c600cd352ca0240aad4dd7"},
    {file = "websockets-14.0-cp312-cp312-musllinux_1_2_i686.whl", hash = "sha256:2752c98237057f27594a8393d498edd9db37e06abcfb99176d9cb6fb989dc883"},
    {file = "websockets-14.0-cp312-cp312-musllinux_1_2_x86_64.whl", hash = "sha256:e9ff528498d9e5c543bee388023ca91870678ac50724d675853ba85b4f0a459e"},
    {file = "websockets-14.0-cp312-cp312-win32.whl", hash = "sha256:8982909857b09220ee31d9a45699fce26f8e5b94a10efa7fe07004d4f4200a33"},
    {file = "websockets-14.0-cp312-cp312-win_amd64.whl", hash = "sha256:61b60c2a07b6d25f7ce8cc0101d55fb0f1af388bec1eddfe0181085c2206e7b0"},
    {file = "websockets-14.0-cp313-cp313-macosx_10_13_universal2.whl", hash = "sha256:7cf000319db10a0cb5c7ce91bfd2a8699086b5cc0b5c5b83b92eec22a0448b2f"},
    {file = "websockets-14.0-cp313-cp313-macosx_10_13_x86_64.whl", hash = "sha256:0bae3caf386d418e83b62e8c1c4cec1b13348fac43e530b9894d6c7c02d921b5"},
    {file = "websockets-14.0-cp313-cp313-macosx_11_0_arm64.whl", hash = "sha256:8eb46ac94d5c131336dc997a568f5579501958b14a507e6aa4840f6d856da980"},
    {file = "websockets-14.0-cp313-cp313-manylinux_2_17_aarch64.manylinux2014_aarch64.whl", hash = "sha256:12c345585b1da70cd27a298b0b9a81aa18da7a690672f771b427db59c632d8aa"},
    {file = "websockets-14.0-cp313-cp313-manylinux_2_5_i686.manylinux1_i686.manylinux_2_17_i686.manylinux2014_i686.whl", hash = "sha256:81758da7c76b4e2ddabc4a98a51f3c3aca8585a6d3a8662b5061613303bd5f68"},
    {file = "websockets-14.0-cp313-cp313-manylinux_2_5_x86_64.manylinux1_x86_64.manylinux_2_17_x86_64.manylinux2014_x86_64.whl", hash = "sha256:4eae86193fd667667f35367d292b912685cb22c3f9f1dd6deaa3fdd713ab5976"},
    {file = "websockets-14.0-cp313-cp313-musllinux_1_2_aarch64.whl", hash = "sha256:7078dd0eac3a1dccf2c6f474004dbe8a4e936dbd19d37bbfb6efa70c923ae04e"},
    {file = "websockets-14.0-cp313-cp313-musllinux_1_2_i686.whl", hash = "sha256:2a418d596536a470f6f8e94cbb1fde66fe65e03d68c403eee0f2198b129e139a"},
    {file = "websockets-14.0-cp313-cp313-musllinux_1_2_x86_64.whl", hash = "sha256:7d66eeab61956e231f35659e6d5b66dc04a3d51e65f2b8f71862dc6a8ba710d1"},
    {file = "websockets-14.0-cp313-cp313-win32.whl", hash = "sha256:b24f7286a5c4e350284623cf708662f0881fe7bc1146c1a1fe7e6a9be01a8d6b"},
    {file = "websockets-14.0-cp313-cp313-win_amd64.whl", hash = "sha256:fb260539dd2b64e93c9f2c59caa70d36d2020fb8e26fa17f62459ad50ebf6c24"},
    {file = "websockets-14.0-cp39-cp39-macosx_10_9_universal2.whl", hash = "sha256:0913596e0072202be8729dab05266398b72ee57c4232f48d52fe2a0370d0b53f"},
    {file = "websockets-14.0-cp39-cp39-macosx_10_9_x86_64.whl", hash = "sha256:6f2e7710f3c468519f9d5b01a291c407f809f8f831e5a204b238e02447046d78"},
    {file = "websockets-14.0-cp39-cp39-macosx_11_0_arm64.whl", hash = "sha256:0ae0e14729038208711d2e2f769280621c22cd253e3dac00f809fa38c6ccb79d"},
    {file = "websockets-14.0-cp39-cp39-manylinux_2_17_aarch64.manylinux2014_aarch64.whl", hash = "sha256:4875d1c3ab3d1d9a9d8485dc1f4c2aaa63947824af03301911ea58d1e881e096"},
    {file = "websockets-14.0-cp39-cp39-manylinux_2_5_i686.manylinux1_i686.manylinux_2_17_i686.manylinux2014_i686.whl", hash = "sha256:678990bc5a1e4fa36e18d340d439079a21e6b8d249848b7066cad1a6cbd34b82"},
    {file = "websockets-14.0-cp39-cp39-manylinux_2_5_x86_64.manylinux1_x86_64.manylinux_2_17_x86_64.manylinux2014_x86_64.whl", hash = "sha256:bdaf3b31f8343dcc6c20d068c10eb29325dd70f5dc321ebb5fbeaa280436e70e"},
    {file = "websockets-14.0-cp39-cp39-musllinux_1_2_aarch64.whl", hash = "sha256:633bbda2d30bc695900f6a07de4e5d92a4e8e8d0d8a536bb3c2051bee4dc3856"},
    {file = "websockets-14.0-cp39-cp39-musllinux_1_2_i686.whl", hash = "sha256:1c4ca7cc5a02f909789dad259dffe61be4f38ffb26dc5e26ab2dca2c7d7c87de"},
    {file = "websockets-14.0-cp39-cp39-musllinux_1_2_x86_64.whl", hash = "sha256:5ade11f4939b885303d28b53d512e96e1a8ea8fbebedd6fef3e2e1afe633cc2a"},
    {file = "websockets-14.0-cp39-cp39-win32.whl", hash = "sha256:281b5ab9514eb241e347a46367a2374cb60cf8f420c4283948aa188f05e7810c"},
    {file = "websockets-14.0-cp39-cp39-win_amd64.whl", hash = "sha256:72fe11675685412917363481b79c56e68175e62352f84ca4788ac264f9ea6ed0"},
    {file = "websockets-14.0-pp310-pypy310_pp73-macosx_10_15_x86_64.whl", hash = "sha256:3f1a697262e28682222f18fae70eb0800dfa50c6eb96b0561c6beb83d6cf78ca"},
    {file = "websockets-14.0-pp310-pypy310_pp73-macosx_11_0_arm64.whl", hash = "sha256:1e0e543e0e81c55e68552bd3c081282721c710a6379a2a78e1ec793853479b25"},
    {file = "websockets-14.0-pp310-pypy310_pp73-manylinux_2_17_aarch64.manylinux2014_aarch64.whl", hash = "sha256:2786c74cbcb0263fd541e4a075aa8c932bdcaa91e5bbb8649c65304799acdd64"},
    {file = "websockets-14.0-pp310-pypy310_pp73-manylinux_2_5_i686.manylinux1_i686.manylinux_2_17_i686.manylinux2014_i686.whl", hash = "sha256:176b39547950ff3520728bd1eadd0fa02c68492a1fabca636bab7883dd390905"},
    {file = "websockets-14.0-pp310-pypy310_pp73-manylinux_2_5_x86_64.manylinux1_x86_64.manylinux_2_17_x86_64.manylinux2014_x86_64.whl", hash = "sha256:86626d560ceb9d846d128b9c7bd2d0f247dbb62fb49c386762d109583140bf48"},
    {file = "websockets-14.0-pp310-pypy310_pp73-win_amd64.whl", hash = "sha256:ca447967131023e98fcb4867f05cf8584adb424b9108180b2414745a6ff41c31"},
    {file = "websockets-14.0-pp39-pypy39_pp73-macosx_10_15_x86_64.whl", hash = "sha256:c4eb304743ab285f8f057344d115259fbe31e42151b9aae7610db83d2a7379b1"},
    {file = "websockets-14.0-pp39-pypy39_pp73-macosx_11_0_arm64.whl", hash = "sha256:cc7dbe53276429b2ca511a04a3979ce27aa2088fdd28c119c6913dccdfd0e909"},
    {file = "websockets-14.0-pp39-pypy39_pp73-manylinux_2_17_aarch64.manylinux2014_aarch64.whl", hash = "sha256:f6dd785f7a521189b1233d3c86c0b66fb73d4769a1d253ce5b31081c5946f05f"},
    {file = "websockets-14.0-pp39-pypy39_pp73-manylinux_2_5_i686.manylinux1_i686.manylinux_2_17_i686.manylinux2014_i686.whl", hash = "sha256:77697c303b874daf1c76d4e167cd5d6871c26964bc189e4bdb40427067d53a86"},
    {file = "websockets-14.0-pp39-pypy39_pp73-manylinux_2_5_x86_64.manylinux1_x86_64.manylinux_2_17_x86_64.manylinux2014_x86_64.whl", hash = "sha256:20979614e4d7266f15018c154255d35dfb9fc828fdf6b4924166b6728fed359f"},
    {file = "websockets-14.0-pp39-pypy39_pp73-win_amd64.whl", hash = "sha256:3fb3d9e3940ea15b30404200e768e6111c3ee2956c60ceb001cae057961ab058"},
    {file = "websockets-14.0-py3-none-any.whl", hash = "sha256:1a3bca8cfb66614e23a65aa5d6b87190876ec6f3247094939f9db877db55319c"},
    {file = "websockets-14.0.tar.gz", hash = "sha256:be90aa6dab180fed523c0c10a6729ad16c9ba79067402d01a4d8aa7ce48d4084"},
]

[metadata]
lock-version = "2.0"
python-versions = "^3.12"
content-hash = "24f017e776769d2a81d45e8fa2e6068326b4eedf054c0a14d15625c91847d862"
